{
  "name": "html",
  "version": "1.0.0",
  "lockfileVersion": 2,
  "requires": true,
  "packages": {
    "": {
      "version": "1.0.0",
      "license": "ISC",
      "dependencies": {
        "monaco-editor": "^0.30.0"
      }
    },
    "node_modules/monaco-editor": {
      "version": "0.30.0",
      "resolved": "https://registry.npmjs.org/monaco-editor/-/monaco-editor-0.30.0.tgz",
      "integrity": "sha512-/k++/ofRmwnwWTpOWYOMGVcqBrqrlt3MP0Mt/cRTQojW7A9fnekcvPQ2iIFA0YSZdPWPN9yYXrYq0xqiUuxT/A=="
    }
  },
  "dependencies": {
    "monaco-editor": {
      "version": "0.30.0",
      "resolved": "https://registry.npmjs.org/monaco-editor/-/monaco-editor-0.30.0.tgz",
      "integrity": "sha512-/k++/ofRmwnwWTpOWYOMGVcqBrqrlt3MP0Mt/cRTQojW7A9fnekcvPQ2iIFA0YSZdPWPN9yYXrYq0xqiUuxT/A=="
    }
  }
}
